
Microsoft Visual Studio Solution File, Format Version 12.00
# Visual Studio Version 16
VisualStudioVersion = 16.0.31205.134
MinimumVisualStudioVersion = 10.0.40219.1
Project("{FAE04EC0-301F-11D3-BF4B-00C04F79EFBC}") = "TopSalınım", "TopSalınım\TopSalınım.csproj", "{48B9220E-18E0-447C-939E-8D1313C7BF42}"
EndProject
Global
	GlobalSection(SolutionConfigurationPlatforms) = preSolution
		Debug|Any CPU = Debug|Any CPU
		Release|Any CPU = Release|Any CPU
	EndGlobalSection
	GlobalSection(ProjectConfigurationPlatforms) = postSolution
		{48B9220E-18E0-447C-939E-8D1313C7BF42}.Debug|Any CPU.ActiveCfg = Debug|Any CPU
		{48B9220E-18E0-447C-939E-8D1313C7BF42}.Debug|Any CPU.Build.0 = Debug|Any CPU
		{48B9220E-18E0-447C-939E-8D1313C7BF42}.Release|Any CPU.ActiveCfg = Release|Any CPU
		{48B9220E-18E0-447C-939E-8D1313C7BF42}.Release|Any CPU.Build.0 = Release|Any CPU
	EndGlobalSection
	GlobalSection(SolutionProperties) = preSolution
		HideSolutionNode = FALSE
	EndGlobalSection
	GlobalSection(ExtensibilityGlobals) = postSolution
		SolutionGuid = {55F8648B-4929-45EB-BA0E-431FADC2817C}
	EndGlobalSection
EndGlobal
